{
  "name": "undistract-reddit",
  "lockfileVersion": 3,
  "requires": true,
  "packages": {
    "": {
      "name": "undistract-reddit",
      "devDependencies": {
        "@jman.dev/prettier-config": "^0.1.7"
      }
    },
    "node_modules/@jman.dev/prettier-config": {
      "version": "0.1.7",
      "resolved": "https://registry.npmjs.org/@jman.dev/prettier-config/-/prettier-config-0.1.7.tgz",
      "integrity": "sha512-uNilWhC0DiVWceV/Drb+D8y9R6s15OiuAv5dIkVKAq6xpwSoDq7hAYM//5IsJI7fm1GZESJsvuH/HF4Wb0pDwQ==",
      "dev": true
    }
  }
}
